{
  "name": "wechat-miniprogram-ar-ai",
  "version": "1.0.0",
  "lockfileVersion": 2,
  "requires": true,
  "packages": {
    "": {
      "name": "wechat-miniprogram-ar-ai",
      "version": "1.0.0",
      "license": "ISC",
      "dependencies": {
        "threejs-miniprogram": "0.0.2"
      }
    },
    "node_modules/threejs-miniprogram": {
      "version": "0.0.2",
      "resolved": "https://registry.npmmirror.com/threejs-miniprogram/-/threejs-miniprogram-0.0.2.tgz",
      "integrity": "sha512-FHJmH0JEEUOy2Tb0wF7BIAXhmYz5B+KCBn5q5OQh/8m6Ixq/uAZhOjHYVAXMF84Qfpaf00pykl7dyG4J6WRcFw=="
    }
  },
  "dependencies": {
    "threejs-miniprogram": {
      "version": "0.0.2",
      "resolved": "https://registry.npmmirror.com/threejs-miniprogram/-/threejs-miniprogram-0.0.2.tgz",
      "integrity": "sha512-FHJmH0JEEUOy2Tb0wF7BIAXhmYz5B+KCBn5q5OQh/8m6Ixq/uAZhOjHYVAXMF84Qfpaf00pykl7dyG4J6WRcFw=="
    }
  }
}
